// !$*UTF8*$!
{
	archiveVersion = 1;
	classes = {};
	objectVersion = 56;
	objects = {

/* Begin PBXBuildFile section */
		0B4F1AFF779F42A33002C3BA /* CanarioApp.swift in Sources */ = {isa = PBXBuildFile; fileRef = 014F2AB2D2DACD836A3D32AE /* CanarioApp.swift */; };
		5D802FCDC8FEB888F301DDB1 /* Componentes.swift in Sources */ = {isa = PBXBuildFile; fileRef = D7B7D5D5B5683F9EAC390D99 /* Componentes.swift */; };
		BC5528B0A10D88757E2410B9 /* Edicao.swift in Sources */ = {isa = PBXBuildFile; fileRef = 032DC06D559686BE8172486C /* Edicao.swift */; };
		E6CEF31F4EFD7BF6C0FB75F0 /* Formato.swift in Sources */ = {isa = PBXBuildFile; fileRef = CD1ACCCE153B6FA384A39863 /* Formato.swift */; };
		32ACEB21D089139092062D91 /* GlifosDeVestuario.swift in Sources */ = {isa = PBXBuildFile; fileRef = B659AA577D3A331CF4310B48 /* GlifosDeVestuario.swift */; };
		B8DC71B90B4F61DE87FDD414 /* IconeDoTermo.swift in Sources */ = {isa = PBXBuildFile; fileRef = CD9B3BF2EA4B257D5BA3C095 /* IconeDoTermo.swift */; };
		90BBD61C629F5B7911560245 /* Tokens.swift in Sources */ = {isa = PBXBuildFile; fileRef = 7D66F3CA4E705669DD73EF9B /* Tokens.swift */; };
		B58739BE5CF4B83CBC6466D9 /* AbasDoApp.swift in Sources */ = {isa = PBXBuildFile; fileRef = 8CBEE9789A4E079C158F9D30 /* AbasDoApp.swift */; };
		C0163530C1212D289FF8F886 /* AcervoDeDemonstracao.swift in Sources */ = {isa = PBXBuildFile; fileRef = 9CB44580A2E0828D013B3C40 /* AcervoDeDemonstracao.swift */; };
		66D6D277D49A312FEDA6EB31 /* AnalisesDeHoje.swift in Sources */ = {isa = PBXBuildFile; fileRef = 98C790D636014E00E57AA2A5 /* AnalisesDeHoje.swift */; };
		2A6115DD0E062A1927CE28D7 /* ArmarioVisivel.swift in Sources */ = {isa = PBXBuildFile; fileRef = B01A6B94C758ACD8D58F75D6 /* ArmarioVisivel.swift */; };
		D4191FF2A6872250AA14D5B6 /* Autenticacao.swift in Sources */ = {isa = PBXBuildFile; fileRef = 675971567B5B02959B863354 /* Autenticacao.swift */; };
		38F05A1D23D7D34FFECDD26A /* CacheDaSemana.swift in Sources */ = {isa = PBXBuildFile; fileRef = 709FEC2BBCEF04242B7BAFB0 /* CacheDaSemana.swift */; };
		17EAC80BF2C66ECA6DFF1874 /* Cluster.swift in Sources */ = {isa = PBXBuildFile; fileRef = 8EAE067E291E7143C7B5D2FD /* Cluster.swift */; };
		8FC8DA501430F62731F31745 /* Compartilhamento.swift in Sources */ = {isa = PBXBuildFile; fileRef = 4E67FA7D9CC47EF0A49882DE /* Compartilhamento.swift */; };
		9B84A56D4F7EA890B5ABA5E5 /* CorDaPeca.swift in Sources */ = {isa = PBXBuildFile; fileRef = CC0D48AA93DFFC74397DF3C6 /* CorDaPeca.swift */; };
		26CDB895DA2A2C71C872E038 /* CurvaDeTamanhos.swift in Sources */ = {isa = PBXBuildFile; fileRef = 94FEBA8BF8A923FA0111D982 /* CurvaDeTamanhos.swift */; };
		669F9EAD3522862F822E23BE /* DadosDaSemana.swift in Sources */ = {isa = PBXBuildFile; fileRef = A27B13EA14D23685C22C29E6 /* DadosDaSemana.swift */; };
		531ABEB1BFB51D48DB7D732C /* EntradasDoMenu.swift in Sources */ = {isa = PBXBuildFile; fileRef = DD0B6E2C940EA54E66F62A0E /* EntradasDoMenu.swift */; };
		D681EE805EF868E9FAABAF82 /* Explicacao.swift in Sources */ = {isa = PBXBuildFile; fileRef = 3C677A09E80A10C666280510 /* Explicacao.swift */; };
		2F861F538E8771AAD769574F /* IconesDaTaxonomia.swift in Sources */ = {isa = PBXBuildFile; fileRef = A6BA05D5DCA0E7280CDEA942 /* IconesDaTaxonomia.swift */; };
		478958DA0FE8C2F0E45868D4 /* Idioma.swift in Sources */ = {isa = PBXBuildFile; fileRef = 3CE1F35552CBD464152AEF6C /* Idioma.swift */; };
		BB2D1E22DF1B5541D5657A02 /* Importacao.swift in Sources */ = {isa = PBXBuildFile; fileRef = F6B2EDA4EBF22940DF6CC1E8 /* Importacao.swift */; };
		36FB9A621C32550D8CC52E7B /* ImprensaDeTeste.swift in Sources */ = {isa = PBXBuildFile; fileRef = B767765632F0BFDE20F1FAFD /* ImprensaDeTeste.swift */; };
		D7814AF75E57012F54B0B71E /* IntencaoDoToque.swift in Sources */ = {isa = PBXBuildFile; fileRef = 14FF70B05E37B55F1186665F /* IntencaoDoToque.swift */; };
		ADE032ADFF8C40BA9666E954 /* LeitorDeArquivo.swift in Sources */ = {isa = PBXBuildFile; fileRef = D8FE7B3571343855C56B6DE5 /* LeitorDeArquivo.swift */; };
		0A52080A6CF90DF66C695DF9 /* LeituraEspecifica.swift in Sources */ = {isa = PBXBuildFile; fileRef = F3A2B2F86300A3C6AE88A60F /* LeituraEspecifica.swift */; };
		0B666B5B713D1A9707AA98AF /* LeiturasSalvas.swift in Sources */ = {isa = PBXBuildFile; fileRef = 03D7952A75B290D910E7670B /* LeiturasSalvas.swift */; };
		BA293165642C61563C7D91AD /* MascaraDeInstancia.swift in Sources */ = {isa = PBXBuildFile; fileRef = A6CD5B1B33F2FA1ABC25EF89 /* MascaraDeInstancia.swift */; };
		EE7D4A414A581B7EE0C2932E /* MiniaturaLocal.swift in Sources */ = {isa = PBXBuildFile; fileRef = 8754B9594CB0BB661598AE8C /* MiniaturaLocal.swift */; };
		4806AAAFE40AA2D18C88A621 /* Modelos.swift in Sources */ = {isa = PBXBuildFile; fileRef = 6F27BA6A40F86F6D498DA29B /* Modelos.swift */; };
		87483BC669B084000DC56F80 /* PecasSalvas.swift in Sources */ = {isa = PBXBuildFile; fileRef = DD28D1CF99B38444C45479C0 /* PecasSalvas.swift */; };
		5C70E6A3F37BB2A1DE52E8BF /* ReferenciaEditorial.swift in Sources */ = {isa = PBXBuildFile; fileRef = 1FFFA1A47043F7880BB85928 /* ReferenciaEditorial.swift */; };
		1F5609CB8473613556E88962 /* ResumoDeEventos.swift in Sources */ = {isa = PBXBuildFile; fileRef = 06BE8AEF58D621CE93D9794D /* ResumoDeEventos.swift */; };
		FD257BCD1FC049D0AD24E2CC /* SemelhancaVisual.swift in Sources */ = {isa = PBXBuildFile; fileRef = FC3E66CCDB963D7AF0B27B75 /* SemelhancaVisual.swift */; };
		578ADA6A037865606BC6408A /* Similares.swift in Sources */ = {isa = PBXBuildFile; fileRef = C68C1C6F552EF1E47A5C8CD7 /* Similares.swift */; };
		B7C6B605D7DB135603AAF51A /* SincronizacaoDoCloset.swift in Sources */ = {isa = PBXBuildFile; fileRef = 693354123BBAEE5AE11D8D55 /* SincronizacaoDoCloset.swift */; };
		4EE6FBB85D4897F5FA7AF760 /* Supabase.swift in Sources */ = {isa = PBXBuildFile; fileRef = 5DCED70ADF52E633975D5BF1 /* Supabase.swift */; };
		C72E0F744301265B0597C210 /* Traducao.swift in Sources */ = {isa = PBXBuildFile; fileRef = 1CF3CC6A070433478308663E /* Traducao.swift */; };
		312C6C6A4E153FBAA96F9B83 /* AmostraDeIcones.swift in Sources */ = {isa = PBXBuildFile; fileRef = 8A203D17B06AE01B872120F1 /* AmostraDeIcones.swift */; };
		E076F6DA9EC9190CACF02B82 /* Analisar.swift in Sources */ = {isa = PBXBuildFile; fileRef = 907420D533A7734E5A3F0DE7 /* Analisar.swift */; };
		77202A27761230EA126556D7 /* BarraPrincipal.swift in Sources */ = {isa = PBXBuildFile; fileRef = 3B17890751C0ECA369DC4445 /* BarraPrincipal.swift */; };
		BB42EBFE83D672B379D08E47 /* BlocoDeSimilares.swift in Sources */ = {isa = PBXBuildFile; fileRef = 2112E929103203C6F4819581 /* BlocoDeSimilares.swift */; };
		5FDF252206C79440DA22050B /* CapturaDeCamera.swift in Sources */ = {isa = PBXBuildFile; fileRef = E96E5B513F3761978E00AECB /* CapturaDeCamera.swift */; };
		B308022F3954205F35E36782 /* CapturaDeCorConstante.swift in Sources */ = {isa = PBXBuildFile; fileRef = CAE21F72971442E482EEB8A1 /* CapturaDeCorConstante.swift */; };
		88385EED03003FB44A18542E /* Comparar.swift in Sources */ = {isa = PBXBuildFile; fileRef = 4913E2A3FAD2255EF6E66096 /* Comparar.swift */; };
		5E8A5845311CBE51EA307BB5 /* Conta.swift in Sources */ = {isa = PBXBuildFile; fileRef = 4DDF62FF20F46B96ACD76E75 /* Conta.swift */; };
		8DE31F0FD23D798D38B37F5A /* CurvaDeTamanhosView.swift in Sources */ = {isa = PBXBuildFile; fileRef = F536B72304921ED98FCBFB1F /* CurvaDeTamanhosView.swift */; };
		CD614A77926A1DD201213A0B /* EstaSemana.swift in Sources */ = {isa = PBXBuildFile; fileRef = 042AF15BFE436E932F4D3FA4 /* EstaSemana.swift */; };
		DC37C7741A0382B77AA8FBB7 /* Estudio.swift in Sources */ = {isa = PBXBuildFile; fileRef = 3C907E72BEC39A2F73517842 /* Estudio.swift */; };
		2589A828531FB7909F6729E6 /* ImportarPeca.swift in Sources */ = {isa = PBXBuildFile; fileRef = 330A5FC2D5BD085DED44EC0A /* ImportarPeca.swift */; };
		288E43DEAA26533491C1C152 /* LeituraDaPeca.swift in Sources */ = {isa = PBXBuildFile; fileRef = 240DCFBA09795A2088880A69 /* LeituraDaPeca.swift */; };
		F74BC81F9574E9A897EBDA2E /* MinhasPecas.swift in Sources */ = {isa = PBXBuildFile; fileRef = 918F2D159B1FA7F2DB11A730 /* MinhasPecas.swift */; };
		2BEDFFB6320FF9598D13ACDC /* OpcoesDaConta.swift in Sources */ = {isa = PBXBuildFile; fileRef = 24CBA08E5986390FDDA91C6F /* OpcoesDaConta.swift */; };
		60F3BBCC237CDBFC4244DC48 /* RelatorioDaPeca.swift in Sources */ = {isa = PBXBuildFile; fileRef = 7F8D8E42E9F1C5EFD21BC0A4 /* RelatorioDaPeca.swift */; };
		BA99DDF8F9CE8EA5EB8CE5DF /* RelatorioDoTermo.swift in Sources */ = {isa = PBXBuildFile; fileRef = 13FB71C6A8BAE1E855BA0881 /* RelatorioDoTermo.swift */; };
		66CB0A4A2DBEB737151FD8DD /* TodosOsSimilares.swift in Sources */ = {isa = PBXBuildFile; fileRef = 9A997DBF76EF89BB93C7A6EA /* TodosOsSimilares.swift */; };
		AB5430F08EDA67AD0951C519 /* CanarioUITests.swift in Sources */ = {isa = PBXBuildFile; fileRef = AFE410F22A95B217806A9737 /* CanarioUITests.swift */; };
		0D84DC35CA70B3050CF0ECA0 /* Assets.xcassets in Resources */ = {isa = PBXBuildFile; fileRef = 00CF251BD47C47E7D73F68E0 /* Assets.xcassets */; };
		B5F4296D54E2C90E4074A18A /* PrivacyInfo.xcprivacy in Resources */ = {isa = PBXBuildFile; fileRef = 810255762B89FD0FC5D16D6A /* PrivacyInfo.xcprivacy */; };
		4E76466AC997891ED20776B2 /* Localizable.xcstrings in Resources */ = {isa = PBXBuildFile; fileRef = CDE29ACC1749F039A6BA5E6B /* Localizable.xcstrings */; };
		0475A93E344B00527EBFC903 /* GoogleSignIn in Frameworks */ = {isa = PBXBuildFile; productRef = 2D5E68DB6AE4F168B842F9A4 /* GoogleSignIn */; };
/* End PBXBuildFile section */

/* Begin PBXFileReference section */
		DCA037677632104E4598159D /* Canario.app */ = {isa = PBXFileReference; explicitFileType = wrapper.application; includeInIndex = 0; path = "Canario.app"; sourceTree = BUILT_PRODUCTS_DIR; };
		3011FC45C44F537709537A2E /* CanarioUITests.xctest */ = {isa = PBXFileReference; explicitFileType = wrapper.cfbundle; includeInIndex = 0; path = "CanarioUITests.xctest"; sourceTree = BUILT_PRODUCTS_DIR; };
		014F2AB2D2DACD836A3D32AE /* CanarioApp.swift */ = {isa = PBXFileReference; lastKnownFileType = sourcecode.swift; path = "CanarioApp.swift"; sourceTree = "<group>"; };
		D7B7D5D5B5683F9EAC390D99 /* Componentes.swift */ = {isa = PBXFileReference; lastKnownFileType = sourcecode.swift; path = "Componentes.swift"; sourceTree = "<group>"; };
		032DC06D559686BE8172486C /* Edicao.swift */ = {isa = PBXFileReference; lastKnownFileType = sourcecode.swift; path = "Edicao.swift"; sourceTree = "<group>"; };
		CD1ACCCE153B6FA384A39863 /* Formato.swift */ = {isa = PBXFileReference; lastKnownFileType = sourcecode.swift; path = "Formato.swift"; sourceTree = "<group>"; };
		B659AA577D3A331CF4310B48 /* GlifosDeVestuario.swift */ = {isa = PBXFileReference; lastKnownFileType = sourcecode.swift; path = "GlifosDeVestuario.swift"; sourceTree = "<group>"; };
		CD9B3BF2EA4B257D5BA3C095 /* IconeDoTermo.swift */ = {isa = PBXFileReference; lastKnownFileType = sourcecode.swift; path = "IconeDoTermo.swift"; sourceTree = "<group>"; };
		7D66F3CA4E705669DD73EF9B /* Tokens.swift */ = {isa = PBXFileReference; lastKnownFileType = sourcecode.swift; path = "Tokens.swift"; sourceTree = "<group>"; };
		8CBEE9789A4E079C158F9D30 /* AbasDoApp.swift */ = {isa = PBXFileReference; lastKnownFileType = sourcecode.swift; path = "AbasDoApp.swift"; sourceTree = "<group>"; };
		9CB44580A2E0828D013B3C40 /* AcervoDeDemonstracao.swift */ = {isa = PBXFileReference; lastKnownFileType = sourcecode.swift; path = "AcervoDeDemonstracao.swift"; sourceTree = "<group>"; };
		98C790D636014E00E57AA2A5 /* AnalisesDeHoje.swift */ = {isa = PBXFileReference; lastKnownFileType = sourcecode.swift; path = "AnalisesDeHoje.swift"; sourceTree = "<group>"; };
		B01A6B94C758ACD8D58F75D6 /* ArmarioVisivel.swift */ = {isa = PBXFileReference; lastKnownFileType = sourcecode.swift; path = "ArmarioVisivel.swift"; sourceTree = "<group>"; };
		675971567B5B02959B863354 /* Autenticacao.swift */ = {isa = PBXFileReference; lastKnownFileType = sourcecode.swift; path = "Autenticacao.swift"; sourceTree = "<group>"; };
		709FEC2BBCEF04242B7BAFB0 /* CacheDaSemana.swift */ = {isa = PBXFileReference; lastKnownFileType = sourcecode.swift; path = "CacheDaSemana.swift"; sourceTree = "<group>"; };
		8EAE067E291E7143C7B5D2FD /* Cluster.swift */ = {isa = PBXFileReference; lastKnownFileType = sourcecode.swift; path = "Cluster.swift"; sourceTree = "<group>"; };
		4E67FA7D9CC47EF0A49882DE /* Compartilhamento.swift */ = {isa = PBXFileReference; lastKnownFileType = sourcecode.swift; path = "Compartilhamento.swift"; sourceTree = "<group>"; };
		CC0D48AA93DFFC74397DF3C6 /* CorDaPeca.swift */ = {isa = PBXFileReference; lastKnownFileType = sourcecode.swift; path = "CorDaPeca.swift"; sourceTree = "<group>"; };
		94FEBA8BF8A923FA0111D982 /* CurvaDeTamanhos.swift */ = {isa = PBXFileReference; lastKnownFileType = sourcecode.swift; path = "CurvaDeTamanhos.swift"; sourceTree = "<group>"; };
		A27B13EA14D23685C22C29E6 /* DadosDaSemana.swift */ = {isa = PBXFileReference; lastKnownFileType = sourcecode.swift; path = "DadosDaSemana.swift"; sourceTree = "<group>"; };
		DD0B6E2C940EA54E66F62A0E /* EntradasDoMenu.swift */ = {isa = PBXFileReference; lastKnownFileType = sourcecode.swift; path = "EntradasDoMenu.swift"; sourceTree = "<group>"; };
		3C677A09E80A10C666280510 /* Explicacao.swift */ = {isa = PBXFileReference; lastKnownFileType = sourcecode.swift; path = "Explicacao.swift"; sourceTree = "<group>"; };
		A6BA05D5DCA0E7280CDEA942 /* IconesDaTaxonomia.swift */ = {isa = PBXFileReference; lastKnownFileType = sourcecode.swift; path = "IconesDaTaxonomia.swift"; sourceTree = "<group>"; };
		3CE1F35552CBD464152AEF6C /* Idioma.swift */ = {isa = PBXFileReference; lastKnownFileType = sourcecode.swift; path = "Idioma.swift"; sourceTree = "<group>"; };
		F6B2EDA4EBF22940DF6CC1E8 /* Importacao.swift */ = {isa = PBXFileReference; lastKnownFileType = sourcecode.swift; path = "Importacao.swift"; sourceTree = "<group>"; };
		B767765632F0BFDE20F1FAFD /* ImprensaDeTeste.swift */ = {isa = PBXFileReference; lastKnownFileType = sourcecode.swift; path = "ImprensaDeTeste.swift"; sourceTree = "<group>"; };
		14FF70B05E37B55F1186665F /* IntencaoDoToque.swift */ = {isa = PBXFileReference; lastKnownFileType = sourcecode.swift; path = "IntencaoDoToque.swift"; sourceTree = "<group>"; };
		D8FE7B3571343855C56B6DE5 /* LeitorDeArquivo.swift */ = {isa = PBXFileReference; lastKnownFileType = sourcecode.swift; path = "LeitorDeArquivo.swift"; sourceTree = "<group>"; };
		F3A2B2F86300A3C6AE88A60F /* LeituraEspecifica.swift */ = {isa = PBXFileReference; lastKnownFileType = sourcecode.swift; path = "LeituraEspecifica.swift"; sourceTree = "<group>"; };
		03D7952A75B290D910E7670B /* LeiturasSalvas.swift */ = {isa = PBXFileReference; lastKnownFileType = sourcecode.swift; path = "LeiturasSalvas.swift"; sourceTree = "<group>"; };
		A6CD5B1B33F2FA1ABC25EF89 /* MascaraDeInstancia.swift */ = {isa = PBXFileReference; lastKnownFileType = sourcecode.swift; path = "MascaraDeInstancia.swift"; sourceTree = "<group>"; };
		8754B9594CB0BB661598AE8C /* MiniaturaLocal.swift */ = {isa = PBXFileReference; lastKnownFileType = sourcecode.swift; path = "MiniaturaLocal.swift"; sourceTree = "<group>"; };
		6F27BA6A40F86F6D498DA29B /* Modelos.swift */ = {isa = PBXFileReference; lastKnownFileType = sourcecode.swift; path = "Modelos.swift"; sourceTree = "<group>"; };
		DD28D1CF99B38444C45479C0 /* PecasSalvas.swift */ = {isa = PBXFileReference; lastKnownFileType = sourcecode.swift; path = "PecasSalvas.swift"; sourceTree = "<group>"; };
		1FFFA1A47043F7880BB85928 /* ReferenciaEditorial.swift */ = {isa = PBXFileReference; lastKnownFileType = sourcecode.swift; path = "ReferenciaEditorial.swift"; sourceTree = "<group>"; };
		06BE8AEF58D621CE93D9794D /* ResumoDeEventos.swift */ = {isa = PBXFileReference; lastKnownFileType = sourcecode.swift; path = "ResumoDeEventos.swift"; sourceTree = "<group>"; };
		FC3E66CCDB963D7AF0B27B75 /* SemelhancaVisual.swift */ = {isa = PBXFileReference; lastKnownFileType = sourcecode.swift; path = "SemelhancaVisual.swift"; sourceTree = "<group>"; };
		C68C1C6F552EF1E47A5C8CD7 /* Similares.swift */ = {isa = PBXFileReference; lastKnownFileType = sourcecode.swift; path = "Similares.swift"; sourceTree = "<group>"; };
		693354123BBAEE5AE11D8D55 /* SincronizacaoDoCloset.swift */ = {isa = PBXFileReference; lastKnownFileType = sourcecode.swift; path = "SincronizacaoDoCloset.swift"; sourceTree = "<group>"; };
		5DCED70ADF52E633975D5BF1 /* Supabase.swift */ = {isa = PBXFileReference; lastKnownFileType = sourcecode.swift; path = "Supabase.swift"; sourceTree = "<group>"; };
		1CF3CC6A070433478308663E /* Traducao.swift */ = {isa = PBXFileReference; lastKnownFileType = sourcecode.swift; path = "Traducao.swift"; sourceTree = "<group>"; };
		8A203D17B06AE01B872120F1 /* AmostraDeIcones.swift */ = {isa = PBXFileReference; lastKnownFileType = sourcecode.swift; path = "AmostraDeIcones.swift"; sourceTree = "<group>"; };
		907420D533A7734E5A3F0DE7 /* Analisar.swift */ = {isa = PBXFileReference; lastKnownFileType = sourcecode.swift; path = "Analisar.swift"; sourceTree = "<group>"; };
		3B17890751C0ECA369DC4445 /* BarraPrincipal.swift */ = {isa = PBXFileReference; lastKnownFileType = sourcecode.swift; path = "BarraPrincipal.swift"; sourceTree = "<group>"; };
		2112E929103203C6F4819581 /* BlocoDeSimilares.swift */ = {isa = PBXFileReference; lastKnownFileType = sourcecode.swift; path = "BlocoDeSimilares.swift"; sourceTree = "<group>"; };
		E96E5B513F3761978E00AECB /* CapturaDeCamera.swift */ = {isa = PBXFileReference; lastKnownFileType = sourcecode.swift; path = "CapturaDeCamera.swift"; sourceTree = "<group>"; };
		CAE21F72971442E482EEB8A1 /* CapturaDeCorConstante.swift */ = {isa = PBXFileReference; lastKnownFileType = sourcecode.swift; path = "CapturaDeCorConstante.swift"; sourceTree = "<group>"; };
		4913E2A3FAD2255EF6E66096 /* Comparar.swift */ = {isa = PBXFileReference; lastKnownFileType = sourcecode.swift; path = "Comparar.swift"; sourceTree = "<group>"; };
		4DDF62FF20F46B96ACD76E75 /* Conta.swift */ = {isa = PBXFileReference; lastKnownFileType = sourcecode.swift; path = "Conta.swift"; sourceTree = "<group>"; };
		F536B72304921ED98FCBFB1F /* CurvaDeTamanhosView.swift */ = {isa = PBXFileReference; lastKnownFileType = sourcecode.swift; path = "CurvaDeTamanhosView.swift"; sourceTree = "<group>"; };
		042AF15BFE436E932F4D3FA4 /* EstaSemana.swift */ = {isa = PBXFileReference; lastKnownFileType = sourcecode.swift; path = "EstaSemana.swift"; sourceTree = "<group>"; };
		3C907E72BEC39A2F73517842 /* Estudio.swift */ = {isa = PBXFileReference; lastKnownFileType = sourcecode.swift; path = "Estudio.swift"; sourceTree = "<group>"; };
		330A5FC2D5BD085DED44EC0A /* ImportarPeca.swift */ = {isa = PBXFileReference; lastKnownFileType = sourcecode.swift; path = "ImportarPeca.swift"; sourceTree = "<group>"; };
		240DCFBA09795A2088880A69 /* LeituraDaPeca.swift */ = {isa = PBXFileReference; lastKnownFileType = sourcecode.swift; path = "LeituraDaPeca.swift"; sourceTree = "<group>"; };
		918F2D159B1FA7F2DB11A730 /* MinhasPecas.swift */ = {isa = PBXFileReference; lastKnownFileType = sourcecode.swift; path = "MinhasPecas.swift"; sourceTree = "<group>"; };
		24CBA08E5986390FDDA91C6F /* OpcoesDaConta.swift */ = {isa = PBXFileReference; lastKnownFileType = sourcecode.swift; path = "OpcoesDaConta.swift"; sourceTree = "<group>"; };
		7F8D8E42E9F1C5EFD21BC0A4 /* RelatorioDaPeca.swift */ = {isa = PBXFileReference; lastKnownFileType = sourcecode.swift; path = "RelatorioDaPeca.swift"; sourceTree = "<group>"; };
		13FB71C6A8BAE1E855BA0881 /* RelatorioDoTermo.swift */ = {isa = PBXFileReference; lastKnownFileType = sourcecode.swift; path = "RelatorioDoTermo.swift"; sourceTree = "<group>"; };
		9A997DBF76EF89BB93C7A6EA /* TodosOsSimilares.swift */ = {isa = PBXFileReference; lastKnownFileType = sourcecode.swift; path = "TodosOsSimilares.swift"; sourceTree = "<group>"; };
		AFE410F22A95B217806A9737 /* CanarioUITests.swift */ = {isa = PBXFileReference; lastKnownFileType = sourcecode.swift; path = "CanarioUITests.swift"; sourceTree = "<group>"; };
		461A5A3F9FDD134BC064B0B7 /* Info.plist */ = {isa = PBXFileReference; lastKnownFileType = text.plist.xml; path = Info.plist; sourceTree = "<group>"; };
		00CF251BD47C47E7D73F68E0 /* Assets.xcassets */ = {isa = PBXFileReference; lastKnownFileType = folder.assetcatalog; path = "Assets.xcassets"; sourceTree = "<group>"; };
		810255762B89FD0FC5D16D6A /* PrivacyInfo.xcprivacy */ = {isa = PBXFileReference; lastKnownFileType = text.plist.xml; path = "PrivacyInfo.xcprivacy"; sourceTree = "<group>"; };
		CDE29ACC1749F039A6BA5E6B /* Localizable.xcstrings */ = {isa = PBXFileReference; lastKnownFileType = text.json.xcstrings; path = "Localizable.xcstrings"; sourceTree = "<group>"; };
		8AB286CF60DF319C5A6A8541 /* Config.xcconfig */ = {isa = PBXFileReference; lastKnownFileType = text.xcconfig; name = Config.xcconfig; path = "../Config.xcconfig"; sourceTree = SOURCE_ROOT; };
/* End PBXFileReference section */

/* Begin PBXContainerItemProxy section */
		23962201AAB25B2DF4F2D4A2 = {
			isa = PBXContainerItemProxy;
			containerPortal = C53FD45B2F336A44D158902C /* Project object */;
			proxyType = 1;
			remoteGlobalIDString = 60FCB50722E3F1420F940980;
			remoteInfo = Canario;
		};
/* End PBXContainerItemProxy section */

/* Begin PBXFrameworksBuildPhase section */
		287CA93205B19FFB0C44728B = {
			isa = PBXFrameworksBuildPhase;
			buildActionMask = 2147483647;
			files = (
				0475A93E344B00527EBFC903 /* GoogleSignIn in Frameworks */,
			);
			runOnlyForDeploymentPostprocessing = 0;
		};
		6E4B6D6043C593A65066BFD5 = {
			isa = PBXFrameworksBuildPhase;
			buildActionMask = 2147483647;
			files = ();
			runOnlyForDeploymentPostprocessing = 0;
		};
/* End PBXFrameworksBuildPhase section */

/* Begin PBXGroup section */
		017282487AEAE6079E734CB7 = {
			isa = PBXGroup;
			children = (
				3BD879AA0097A5271DEF1DA6 /* Canario */,
				D35399FF0B94C845F8B03936 /* CanarioUITests */,
				5CAC9C2F49F815B0F5A5D463 /* Products */,
			);
			sourceTree = "<group>";
		};
		5CAC9C2F49F815B0F5A5D463 /* Products */ = {
			isa = PBXGroup;
			children = (
				DCA037677632104E4598159D /* Canario.app */,
				3011FC45C44F537709537A2E /* CanarioUITests.xctest */,
			);
			name = Products;
			sourceTree = "<group>";
		};
		D35399FF0B94C845F8B03936 /* CanarioUITests */ = {
			isa = PBXGroup;
			children = (
				AFE410F22A95B217806A9737 /* CanarioUITests.swift */,
			);
			path = "CanarioUITests";
			sourceTree = "<group>";
		};
		3BD879AA0097A5271DEF1DA6 /* Canario */ = {
			isa = PBXGroup;
			children = (
				014F2AB2D2DACD836A3D32AE /* CanarioApp.swift */,
				799A1BDA5D4B143D5515FC08 /* Design */,
				D5AB6A142F723C9CAC621013 /* Rede */,
				3292BE3A6EAD8B36569AC07C /* Telas */,
				00CF251BD47C47E7D73F68E0 /* Assets.xcassets */,
				810255762B89FD0FC5D16D6A /* PrivacyInfo.xcprivacy */,
				CDE29ACC1749F039A6BA5E6B /* Localizable.xcstrings */,
				461A5A3F9FDD134BC064B0B7 /* Info.plist */,
				8AB286CF60DF319C5A6A8541 /* Config.xcconfig */,
			);
			path = "Canario";
			sourceTree = "<group>";
		};
		799A1BDA5D4B143D5515FC08 /* Design */ = {
			isa = PBXGroup;
			children = (
				D7B7D5D5B5683F9EAC390D99 /* Componentes.swift */,
				032DC06D559686BE8172486C /* Edicao.swift */,
				CD1ACCCE153B6FA384A39863 /* Formato.swift */,
				B659AA577D3A331CF4310B48 /* GlifosDeVestuario.swift */,
				CD9B3BF2EA4B257D5BA3C095 /* IconeDoTermo.swift */,
				7D66F3CA4E705669DD73EF9B /* Tokens.swift */,
			);
			path = "Design";
			sourceTree = "<group>";
		};
		D5AB6A142F723C9CAC621013 /* Rede */ = {
			isa = PBXGroup;
			children = (
				8CBEE9789A4E079C158F9D30 /* AbasDoApp.swift */,
				9CB44580A2E0828D013B3C40 /* AcervoDeDemonstracao.swift */,
				98C790D636014E00E57AA2A5 /* AnalisesDeHoje.swift */,
				B01A6B94C758ACD8D58F75D6 /* ArmarioVisivel.swift */,
				675971567B5B02959B863354 /* Autenticacao.swift */,
				709FEC2BBCEF04242B7BAFB0 /* CacheDaSemana.swift */,
				8EAE067E291E7143C7B5D2FD /* Cluster.swift */,
				4E67FA7D9CC47EF0A49882DE /* Compartilhamento.swift */,
				CC0D48AA93DFFC74397DF3C6 /* CorDaPeca.swift */,
				94FEBA8BF8A923FA0111D982 /* CurvaDeTamanhos.swift */,
				A27B13EA14D23685C22C29E6 /* DadosDaSemana.swift */,
				DD0B6E2C940EA54E66F62A0E /* EntradasDoMenu.swift */,
				3C677A09E80A10C666280510 /* Explicacao.swift */,
				A6BA05D5DCA0E7280CDEA942 /* IconesDaTaxonomia.swift */,
				3CE1F35552CBD464152AEF6C /* Idioma.swift */,
				F6B2EDA4EBF22940DF6CC1E8 /* Importacao.swift */,
				B767765632F0BFDE20F1FAFD /* ImprensaDeTeste.swift */,
				14FF70B05E37B55F1186665F /* IntencaoDoToque.swift */,
				D8FE7B3571343855C56B6DE5 /* LeitorDeArquivo.swift */,
				F3A2B2F86300A3C6AE88A60F /* LeituraEspecifica.swift */,
				03D7952A75B290D910E7670B /* LeiturasSalvas.swift */,
				A6CD5B1B33F2FA1ABC25EF89 /* MascaraDeInstancia.swift */,
				8754B9594CB0BB661598AE8C /* MiniaturaLocal.swift */,
				6F27BA6A40F86F6D498DA29B /* Modelos.swift */,
				DD28D1CF99B38444C45479C0 /* PecasSalvas.swift */,
				1FFFA1A47043F7880BB85928 /* ReferenciaEditorial.swift */,
				06BE8AEF58D621CE93D9794D /* ResumoDeEventos.swift */,
				FC3E66CCDB963D7AF0B27B75 /* SemelhancaVisual.swift */,
				C68C1C6F552EF1E47A5C8CD7 /* Similares.swift */,
				693354123BBAEE5AE11D8D55 /* SincronizacaoDoCloset.swift */,
				5DCED70ADF52E633975D5BF1 /* Supabase.swift */,
				1CF3CC6A070433478308663E /* Traducao.swift */,
			);
			path = "Rede";
			sourceTree = "<group>";
		};
		3292BE3A6EAD8B36569AC07C /* Telas */ = {
			isa = PBXGroup;
			children = (
				8A203D17B06AE01B872120F1 /* AmostraDeIcones.swift */,
				907420D533A7734E5A3F0DE7 /* Analisar.swift */,
				3B17890751C0ECA369DC4445 /* BarraPrincipal.swift */,
				2112E929103203C6F4819581 /* BlocoDeSimilares.swift */,
				E96E5B513F3761978E00AECB /* CapturaDeCamera.swift */,
				CAE21F72971442E482EEB8A1 /* CapturaDeCorConstante.swift */,
				4913E2A3FAD2255EF6E66096 /* Comparar.swift */,
				4DDF62FF20F46B96ACD76E75 /* Conta.swift */,
				F536B72304921ED98FCBFB1F /* CurvaDeTamanhosView.swift */,
				042AF15BFE436E932F4D3FA4 /* EstaSemana.swift */,
				3C907E72BEC39A2F73517842 /* Estudio.swift */,
				330A5FC2D5BD085DED44EC0A /* ImportarPeca.swift */,
				240DCFBA09795A2088880A69 /* LeituraDaPeca.swift */,
				918F2D159B1FA7F2DB11A730 /* MinhasPecas.swift */,
				24CBA08E5986390FDDA91C6F /* OpcoesDaConta.swift */,
				7F8D8E42E9F1C5EFD21BC0A4 /* RelatorioDaPeca.swift */,
				13FB71C6A8BAE1E855BA0881 /* RelatorioDoTermo.swift */,
				9A997DBF76EF89BB93C7A6EA /* TodosOsSimilares.swift */,
			);
			path = "Telas";
			sourceTree = "<group>";
		};
/* End PBXGroup section */

/* Begin PBXNativeTarget section */
		60FCB50722E3F1420F940980 /* Canario */ = {
			isa = PBXNativeTarget;
			buildConfigurationList = 5B317240D56AAED5A2ECA80E ;
			buildPhases = (
				6237EE632008921A5516F59E ,
				287CA93205B19FFB0C44728B ,
				B1A0F0CB489E589610C83B54 ,
			);
			buildRules = ();
			dependencies = ();
			name = "Canario";
			productName = "Canario";
			productReference = DCA037677632104E4598159D ;
			packageProductDependencies = (
				2D5E68DB6AE4F168B842F9A4 /* GoogleSignIn */,
			);
			productType = "com.apple.product-type.application";
		};
		309A40032FBF2290592E48A9 /* CanarioUITests */ = {
			isa = PBXNativeTarget;
			buildConfigurationList = B759B37AAC0EE9BC276325BE ;
			buildPhases = (
				FDEA29CBADF7DF588D7FCE18 ,
				6E4B6D6043C593A65066BFD5 ,
				924825F81EB81F33E12D6A6C ,
			);
			buildRules = ();
			dependencies = (
				88C94579B28BC77F9DB777AC ,
			);
			name = "CanarioUITests";
			productName = "CanarioUITests";
			productReference = 3011FC45C44F537709537A2E ;
			productType = "com.apple.product-type.bundle.ui-testing";
		};
/* End PBXNativeTarget section */

/* Begin PBXProject section */
		C53FD45B2F336A44D158902C /* Project object */ = {
			isa = PBXProject;
			attributes = { BuildIndependentTargetsInParallel = 1; LastSwiftUpdateCheck = 1600; LastUpgradeCheck = 1600; TargetAttributes = { 309A40032FBF2290592E48A9 = { CreatedOnToolsVersion = 16.0; TestTargetID = 60FCB50722E3F1420F940980; }; }; };
			buildConfigurationList = 9B7C8A846387B5A3E7B50F6B ;
			compatibilityVersion = "Xcode 14.0";
			developmentRegion = en;
			hasScannedForEncodings = 0;
			knownRegions = (en, "pt-BR", Base, );
			mainGroup = 017282487AEAE6079E734CB7 ;
			productRefGroup = 5CAC9C2F49F815B0F5A5D463 ;
			packageReferences = (
				49479D10DDBF4F3E3DA41713 /* XCRemoteSwiftPackageReference "GoogleSignIn-iOS" */,
			);
			projectDirPath = "";
			projectRoot = "";
			targets = (
				60FCB50722E3F1420F940980 ,
				309A40032FBF2290592E48A9 ,
			);
		};
/* End PBXProject section */

/* Begin PBXResourcesBuildPhase section */
		B1A0F0CB489E589610C83B54 = {
			isa = PBXResourcesBuildPhase;
			buildActionMask = 2147483647;
			files = (
				0D84DC35CA70B3050CF0ECA0 /* Assets.xcassets in Resources */,
				B5F4296D54E2C90E4074A18A /* PrivacyInfo.xcprivacy in Resources */,
				4E76466AC997891ED20776B2 /* Localizable.xcstrings in Resources */,
			);
			runOnlyForDeploymentPostprocessing = 0;
		};
		924825F81EB81F33E12D6A6C = {
			isa = PBXResourcesBuildPhase;
			buildActionMask = 2147483647;
			files = ();
			runOnlyForDeploymentPostprocessing = 0;
		};
/* End PBXResourcesBuildPhase section */

/* Begin PBXSourcesBuildPhase section */
		6237EE632008921A5516F59E = {
			isa = PBXSourcesBuildPhase;
			buildActionMask = 2147483647;
			files = (
				0B4F1AFF779F42A33002C3BA /* CanarioApp.swift in Sources */,
				5D802FCDC8FEB888F301DDB1 /* Componentes.swift in Sources */,
				BC5528B0A10D88757E2410B9 /* Edicao.swift in Sources */,
				E6CEF31F4EFD7BF6C0FB75F0 /* Formato.swift in Sources */,
				32ACEB21D089139092062D91 /* GlifosDeVestuario.swift in Sources */,
				B8DC71B90B4F61DE87FDD414 /* IconeDoTermo.swift in Sources */,
				90BBD61C629F5B7911560245 /* Tokens.swift in Sources */,
				B58739BE5CF4B83CBC6466D9 /* AbasDoApp.swift in Sources */,
				C0163530C1212D289FF8F886 /* AcervoDeDemonstracao.swift in Sources */,
				66D6D277D49A312FEDA6EB31 /* AnalisesDeHoje.swift in Sources */,
				2A6115DD0E062A1927CE28D7 /* ArmarioVisivel.swift in Sources */,
				D4191FF2A6872250AA14D5B6 /* Autenticacao.swift in Sources */,
				38F05A1D23D7D34FFECDD26A /* CacheDaSemana.swift in Sources */,
				17EAC80BF2C66ECA6DFF1874 /* Cluster.swift in Sources */,
				8FC8DA501430F62731F31745 /* Compartilhamento.swift in Sources */,
				9B84A56D4F7EA890B5ABA5E5 /* CorDaPeca.swift in Sources */,
				26CDB895DA2A2C71C872E038 /* CurvaDeTamanhos.swift in Sources */,
				669F9EAD3522862F822E23BE /* DadosDaSemana.swift in Sources */,
				531ABEB1BFB51D48DB7D732C /* EntradasDoMenu.swift in Sources */,
				D681EE805EF868E9FAABAF82 /* Explicacao.swift in Sources */,
				2F861F538E8771AAD769574F /* IconesDaTaxonomia.swift in Sources */,
				478958DA0FE8C2F0E45868D4 /* Idioma.swift in Sources */,
				BB2D1E22DF1B5541D5657A02 /* Importacao.swift in Sources */,
				36FB9A621C32550D8CC52E7B /* ImprensaDeTeste.swift in Sources */,
				D7814AF75E57012F54B0B71E /* IntencaoDoToque.swift in Sources */,
				ADE032ADFF8C40BA9666E954 /* LeitorDeArquivo.swift in Sources */,
				0A52080A6CF90DF66C695DF9 /* LeituraEspecifica.swift in Sources */,
				0B666B5B713D1A9707AA98AF /* LeiturasSalvas.swift in Sources */,
				BA293165642C61563C7D91AD /* MascaraDeInstancia.swift in Sources */,
				EE7D4A414A581B7EE0C2932E /* MiniaturaLocal.swift in Sources */,
				4806AAAFE40AA2D18C88A621 /* Modelos.swift in Sources */,
				87483BC669B084000DC56F80 /* PecasSalvas.swift in Sources */,
				5C70E6A3F37BB2A1DE52E8BF /* ReferenciaEditorial.swift in Sources */,
				1F5609CB8473613556E88962 /* ResumoDeEventos.swift in Sources */,
				FD257BCD1FC049D0AD24E2CC /* SemelhancaVisual.swift in Sources */,
				578ADA6A037865606BC6408A /* Similares.swift in Sources */,
				B7C6B605D7DB135603AAF51A /* SincronizacaoDoCloset.swift in Sources */,
				4EE6FBB85D4897F5FA7AF760 /* Supabase.swift in Sources */,
				C72E0F744301265B0597C210 /* Traducao.swift in Sources */,
				312C6C6A4E153FBAA96F9B83 /* AmostraDeIcones.swift in Sources */,
				E076F6DA9EC9190CACF02B82 /* Analisar.swift in Sources */,
				77202A27761230EA126556D7 /* BarraPrincipal.swift in Sources */,
				BB42EBFE83D672B379D08E47 /* BlocoDeSimilares.swift in Sources */,
				5FDF252206C79440DA22050B /* CapturaDeCamera.swift in Sources */,
				B308022F3954205F35E36782 /* CapturaDeCorConstante.swift in Sources */,
				88385EED03003FB44A18542E /* Comparar.swift in Sources */,
				5E8A5845311CBE51EA307BB5 /* Conta.swift in Sources */,
				8DE31F0FD23D798D38B37F5A /* CurvaDeTamanhosView.swift in Sources */,
				CD614A77926A1DD201213A0B /* EstaSemana.swift in Sources */,
				DC37C7741A0382B77AA8FBB7 /* Estudio.swift in Sources */,
				2589A828531FB7909F6729E6 /* ImportarPeca.swift in Sources */,
				288E43DEAA26533491C1C152 /* LeituraDaPeca.swift in Sources */,
				F74BC81F9574E9A897EBDA2E /* MinhasPecas.swift in Sources */,
				2BEDFFB6320FF9598D13ACDC /* OpcoesDaConta.swift in Sources */,
				60F3BBCC237CDBFC4244DC48 /* RelatorioDaPeca.swift in Sources */,
				BA99DDF8F9CE8EA5EB8CE5DF /* RelatorioDoTermo.swift in Sources */,
				66CB0A4A2DBEB737151FD8DD /* TodosOsSimilares.swift in Sources */,
			);
			runOnlyForDeploymentPostprocessing = 0;
		};
		FDEA29CBADF7DF588D7FCE18 = {
			isa = PBXSourcesBuildPhase;
			buildActionMask = 2147483647;
			files = (
				AB5430F08EDA67AD0951C519 /* CanarioUITests.swift in Sources */,
			);
			runOnlyForDeploymentPostprocessing = 0;
		};
/* End PBXSourcesBuildPhase section */

/* Begin XCBuildConfiguration section */
		2D7C126B1DD510A133F9BB7F /* Debug */ = {
			isa = XCBuildConfiguration;
			buildSettings = {
				ALWAYS_SEARCH_USER_PATHS = NO;
				CLANG_ENABLE_MODULES = YES;
				CLANG_ENABLE_OBJC_ARC = YES;
				ENABLE_STRICT_OBJC_MSGSEND = YES;
				GCC_C_LANGUAGE_STANDARD = gnu17;
				IPHONEOS_DEPLOYMENT_TARGET = 17.0;
				MTL_FAST_MATH = YES;
				SDKROOT = iphoneos;
				SWIFT_VERSION = 5.0;
				DEBUG_INFORMATION_FORMAT = dwarf;
				ENABLE_TESTABILITY = YES;
				GCC_OPTIMIZATION_LEVEL = 0;
				ONLY_ACTIVE_ARCH = YES;
				SWIFT_OPTIMIZATION_LEVEL = "-Onone";
				SWIFT_ACTIVE_COMPILATION_CONDITIONS = DEBUG;
			};
			name = "Debug";
		};
		662701B99CF3F77385B7CDB7 /* Release */ = {
			isa = XCBuildConfiguration;
			buildSettings = {
				ALWAYS_SEARCH_USER_PATHS = NO;
				CLANG_ENABLE_MODULES = YES;
				CLANG_ENABLE_OBJC_ARC = YES;
				ENABLE_STRICT_OBJC_MSGSEND = YES;
				GCC_C_LANGUAGE_STANDARD = gnu17;
				IPHONEOS_DEPLOYMENT_TARGET = 17.0;
				MTL_FAST_MATH = YES;
				SDKROOT = iphoneos;
				SWIFT_VERSION = 5.0;
				DEBUG_INFORMATION_FORMAT = "dwarf-with-dsym";
				ENABLE_NS_ASSERTIONS = NO;
				SWIFT_COMPILATION_MODE = wholemodule;
				VALIDATE_PRODUCT = YES;
			};
			name = "Release";
		};
		2701597AE2249B7C0F1FC00C /* Debug */ = {
			isa = XCBuildConfiguration;
			baseConfigurationReference = 8AB286CF60DF319C5A6A8541 /* Config.xcconfig */;
			buildSettings = {
				ASSETCATALOG_COMPILER_APPICON_NAME = AppIcon;
				CODE_SIGN_STYLE = Automatic;
				CODE_SIGN_ENTITLEMENTS = "Canario/Canario.entitlements";
				CURRENT_PROJECT_VERSION = 2;
				DEVELOPMENT_TEAM = 67AYPRFZH8;
				ENABLE_PREVIEWS = YES;
				GENERATE_INFOPLIST_FILE = NO;
				INFOPLIST_FILE = "Canario/Info.plist";
				INFOPLIST_KEY_UIApplicationSceneManifest_Generation = YES;
				INFOPLIST_KEY_UILaunchScreen_Generation = YES;
				INFOPLIST_KEY_UISupportedInterfaceOrientations = UIInterfaceOrientationPortrait;
				LD_RUNPATH_SEARCH_PATHS = ("$(inherited)", "@executable_path/Frameworks", );
				MARKETING_VERSION = 1.2;
				PRODUCT_BUNDLE_IDENTIFIER = "br.com.canario.ch3.app";
				PRODUCT_NAME = "$(TARGET_NAME)";
				SWIFT_EMIT_LOC_STRINGS = YES;
				TARGETED_DEVICE_FAMILY = 1;
			};
			name = "Debug";
		};
		AF3D03E4B14791F520E076B4 /* Release */ = {
			isa = XCBuildConfiguration;
			baseConfigurationReference = 8AB286CF60DF319C5A6A8541 /* Config.xcconfig */;
			buildSettings = {
				ASSETCATALOG_COMPILER_APPICON_NAME = AppIcon;
				CODE_SIGN_STYLE = Automatic;
				CODE_SIGN_ENTITLEMENTS = "Canario/Canario.entitlements";
				CURRENT_PROJECT_VERSION = 2;
				DEVELOPMENT_TEAM = 67AYPRFZH8;
				ENABLE_PREVIEWS = YES;
				GENERATE_INFOPLIST_FILE = NO;
				INFOPLIST_FILE = "Canario/Info.plist";
				INFOPLIST_KEY_UIApplicationSceneManifest_Generation = YES;
				INFOPLIST_KEY_UILaunchScreen_Generation = YES;
				INFOPLIST_KEY_UISupportedInterfaceOrientations = UIInterfaceOrientationPortrait;
				LD_RUNPATH_SEARCH_PATHS = ("$(inherited)", "@executable_path/Frameworks", );
				MARKETING_VERSION = 1.2;
				PRODUCT_BUNDLE_IDENTIFIER = "br.com.canario.ch3.app";
				PRODUCT_NAME = "$(TARGET_NAME)";
				SWIFT_EMIT_LOC_STRINGS = YES;
				TARGETED_DEVICE_FAMILY = 1;
			};
			name = "Release";
		};
		A5F7D37D729E317CF1AA0627 /* Debug */ = {
			isa = XCBuildConfiguration;
			buildSettings = {
				CODE_SIGN_STYLE = Automatic;
				CURRENT_PROJECT_VERSION = 2;
				DEVELOPMENT_TEAM = 67AYPRFZH8;
				GENERATE_INFOPLIST_FILE = YES;
				MARKETING_VERSION = 1.2;
				PRODUCT_BUNDLE_IDENTIFIER = "br.com.canario.ch3.app.UITests";
				PRODUCT_NAME = "$(TARGET_NAME)";
				SWIFT_EMIT_LOC_STRINGS = NO;
				TARGETED_DEVICE_FAMILY = 1;
				TEST_TARGET_NAME = Canario;
			};
			name = "Debug";
		};
		8F8D6707579609F0D710DB74 /* Release */ = {
			isa = XCBuildConfiguration;
			buildSettings = {
				CODE_SIGN_STYLE = Automatic;
				CURRENT_PROJECT_VERSION = 2;
				DEVELOPMENT_TEAM = 67AYPRFZH8;
				GENERATE_INFOPLIST_FILE = YES;
				MARKETING_VERSION = 1.2;
				PRODUCT_BUNDLE_IDENTIFIER = "br.com.canario.ch3.app.UITests";
				PRODUCT_NAME = "$(TARGET_NAME)";
				SWIFT_EMIT_LOC_STRINGS = NO;
				TARGETED_DEVICE_FAMILY = 1;
				TEST_TARGET_NAME = Canario;
			};
			name = "Release";
		};
/* End XCBuildConfiguration section */

/* Begin XCConfigurationList section */
		9B7C8A846387B5A3E7B50F6B /* Build configuration list for PBXProject */ = {
			isa = XCConfigurationList;
			buildConfigurations = (
				2D7C126B1DD510A133F9BB7F ,
				662701B99CF3F77385B7CDB7 ,
			);
			defaultConfigurationIsVisible = 0;
			defaultConfigurationName = Release;
		};
		5B317240D56AAED5A2ECA80E /* Build configuration list for PBXNativeTarget */ = {
			isa = XCConfigurationList;
			buildConfigurations = (
				2701597AE2249B7C0F1FC00C ,
				AF3D03E4B14791F520E076B4 ,
			);
			defaultConfigurationIsVisible = 0;
			defaultConfigurationName = Release;
		};
		B759B37AAC0EE9BC276325BE /* Build configuration list for PBXNativeTarget */ = {
			isa = XCConfigurationList;
			buildConfigurations = (
				A5F7D37D729E317CF1AA0627 ,
				8F8D6707579609F0D710DB74 ,
			);
			defaultConfigurationIsVisible = 0;
			defaultConfigurationName = Release;
		};
/* End XCConfigurationList section */

/* Begin XCRemoteSwiftPackageReference section */
		49479D10DDBF4F3E3DA41713 /* XCRemoteSwiftPackageReference "GoogleSignIn-iOS" */ = {
			isa = XCRemoteSwiftPackageReference;
			repositoryURL = "https://github.com/google/GoogleSignIn-iOS";
			requirement = { kind = exactVersion; version = 9.0.0; };
		};
/* End XCRemoteSwiftPackageReference section */

/* Begin XCSwiftPackageProductDependency section */
		2D5E68DB6AE4F168B842F9A4 /* GoogleSignIn */ = {
			isa = XCSwiftPackageProductDependency;
			package = 49479D10DDBF4F3E3DA41713 /* XCRemoteSwiftPackageReference "GoogleSignIn-iOS" */;
			productName = GoogleSignIn;
		};
/* End XCSwiftPackageProductDependency section */

/* Begin PBXTargetDependency section */
		88C94579B28BC77F9DB777AC = {isa = PBXTargetDependency; target = 60FCB50722E3F1420F940980; targetProxy = 23962201AAB25B2DF4F2D4A2; };
/* End PBXTargetDependency section */
	};
	rootObject = C53FD45B2F336A44D158902C /* Project object */;
}
